
Microsoft Visual Studio Solution File, Format Version 12.00
# Visual Studio 15
VisualStudioVersion = 15.0.27703.2018
MinimumVisualStudioVersion = 10.0.40219.1
Project("{8BC9CEB8-8B4A-11D0-8D11-00A0C91BC942}") = "MiniMaestro", "MiniMaestro\MiniMaestro.vcxproj", "{99A137D8-4866-4E89-8DCB-0A58E2567E89}"
EndProject
Global
	GlobalSection(SolutionConfigurationPlatforms) = preSolution
		Debug|x64 = Debug|x64
		Debug|x86 = Debug|x86
		Release|x64 = Release|x64
		Release|x86 = Release|x86
	EndGlobalSection
	GlobalSection(ProjectConfigurationPlatforms) = postSolution
		{99A137D8-4866-4E89-8DCB-0A58E2567E89}.Debug|x64.ActiveCfg = Debug|x64
		{99A137D8-4866-4E89-8DCB-0A58E2567E89}.Debug|x64.Build.0 = Debug|x64
		{99A137D8-4866-4E89-8DCB-0A58E2567E89}.Debug|x86.ActiveCfg = Debug|Win32
		{99A137D8-4866-4E89-8DCB-0A58E2567E89}.Debug|x86.Build.0 = Debug|Win32
		{99A137D8-4866-4E89-8DCB-0A58E2567E89}.Release|x64.ActiveCfg = Release|x64
		{99A137D8-4866-4E89-8DCB-0A58E2567E89}.Release|x64.Build.0 = Release|x64
		{99A137D8-4866-4E89-8DCB-0A58E2567E89}.Release|x86.ActiveCfg = Release|Win32
		{99A137D8-4866-4E89-8DCB-0A58E2567E89}.Release|x86.Build.0 = Release|Win32
	EndGlobalSection
	GlobalSection(SolutionProperties) = preSolution
		HideSolutionNode = FALSE
	EndGlobalSection
	GlobalSection(ExtensibilityGlobals) = postSolution
		SolutionGuid = {385D5D2F-CB1E-48D3-9C07-61A27280B679}
	EndGlobalSection
EndGlobal
